
Microsoft Visual Studio Solution File, Format Version 12.00
# Visual Studio 2013
VisualStudioVersion = 12.0.31101.0
MinimumVisualStudioVersion = 10.0.40219.1
Project("{FAE04EC0-301F-11D3-BF4B-00C04F79EFBC}") = "Calendar.Kata.Logic", "Calendar.Kata.Logic\Calendar.Kata.Logic.csproj", "{9B3E24CA-E599-47A7-9749-2C7659D2753A}"
EndProject
Project("{FAE04EC0-301F-11D3-BF4B-00C04F79EFBC}") = "Calendar.Kata.Tests", "Calendar.Kata.Tests\Calendar.Kata.Tests.csproj", "{CEB25232-82D5-421C-AE9E-855C165896F3}"
EndProject
Project("{FAE04EC0-301F-11D3-BF4B-00C04F79EFBC}") = "Calendar.Kata.Data", "Calendar.Kata.Data\Calendar.Kata.Data.csproj", "{97FC2C7C-7722-4141-94B8-66EABD1E8C46}"
EndProject
Global
	GlobalSection(SolutionConfigurationPlatforms) = preSolution
		Debug|Any CPU = Debug|Any CPU
		Release|Any CPU = Release|Any CPU
	EndGlobalSection
	GlobalSection(ProjectConfigurationPlatforms) = postSolution
		{9B3E24CA-E599-47A7-9749-2C7659D2753A}.Debug|Any CPU.ActiveCfg = Debug|Any CPU
		{9B3E24CA-E599-47A7-9749-2C7659D2753A}.Debug|Any CPU.Build.0 = Debug|Any CPU
		{9B3E24CA-E599-47A7-9749-2C7659D2753A}.Release|Any CPU.ActiveCfg = Release|Any CPU
		{9B3E24CA-E599-47A7-9749-2C7659D2753A}.Release|Any CPU.Build.0 = Release|Any CPU
		{CEB25232-82D5-421C-AE9E-855C165896F3}.Debug|Any CPU.ActiveCfg = Debug|Any CPU
		{CEB25232-82D5-421C-AE9E-855C165896F3}.Debug|Any CPU.Build.0 = Debug|Any CPU
		{CEB25232-82D5-421C-AE9E-855C165896F3}.Release|Any CPU.ActiveCfg = Release|Any CPU
		{CEB25232-82D5-421C-AE9E-855C165896F3}.Release|Any CPU.Build.0 = Release|Any CPU
		{97FC2C7C-7722-4141-94B8-66EABD1E8C46}.Debug|Any CPU.ActiveCfg = Debug|Any CPU
		{97FC2C7C-7722-4141-94B8-66EABD1E8C46}.Debug|Any CPU.Build.0 = Debug|Any CPU
		{97FC2C7C-7722-4141-94B8-66EABD1E8C46}.Release|Any CPU.ActiveCfg = Release|Any CPU
		{97FC2C7C-7722-4141-94B8-66EABD1E8C46}.Release|Any CPU.Build.0 = Release|Any CPU
	EndGlobalSection
	GlobalSection(SolutionProperties) = preSolution
		HideSolutionNode = FALSE
	EndGlobalSection
EndGlobal
